
Microsoft Visual Studio Solution File, Format Version 12.00
# Visual Studio Version 17
VisualStudioVersion = 17.14.36301.6 d17.14
MinimumVisualStudioVersion = 10.0.40219.1
Project("{FAE04EC0-301F-11D3-BF4B-00C04F79EFBC}") = "CleanArchitecture.Api", "CleanArchitecture.Api\CleanArchitecture.Api.csproj", "{6E32FAEE-CB88-46D7-908A-9CD091B299D8}"
EndProject
Project("{FAE04EC0-301F-11D3-BF4B-00C04F79EFBC}") = "CleanArchitecture.Services", "CleanArchitecture.Services\CleanArchitecture.Services.csproj", "{18BD99B1-BB19-42F1-8268-4376A67BC304}"
EndProject
Project("{FAE04EC0-301F-11D3-BF4B-00C04F79EFBC}") = "CleanArchitecture.Infrastructure", "CleanArchitecture.Infrastructure\CleanArchitecture.Infrastructure.csproj", "{CDC6D41C-D0EF-4E7D-8439-0E64B9192114}"
EndProject
Project("{FAE04EC0-301F-11D3-BF4B-00C04F79EFBC}") = "CleanArchitecture.DataAccess", "CleanArchitecture.DataAccess\CleanArchitecture.DataAccess.csproj", "{6747B715-60E2-4CA3-8D8C-AD267D144F7B}"
EndProject
Project("{FAE04EC0-301F-11D3-BF4B-00C04F79EFBC}") = "CleanArchitecture.Utilities", "CleanArchitecture.Utilities\CleanArchitecture.Utilities.csproj", "{DA7C0DE0-DF11-43BA-A8DD-149AFCBBC4F9}"
EndProject
Global
	GlobalSection(SolutionConfigurationPlatforms) = preSolution
		Debug|Any CPU = Debug|Any CPU
		Release|Any CPU = Release|Any CPU
	EndGlobalSection
	GlobalSection(ProjectConfigurationPlatforms) = postSolution
		{6E32FAEE-CB88-46D7-908A-9CD091B299D8}.Debug|Any CPU.ActiveCfg = Debug|Any CPU
		{6E32FAEE-CB88-46D7-908A-9CD091B299D8}.Debug|Any CPU.Build.0 = Debug|Any CPU
		{6E32FAEE-CB88-46D7-908A-9CD091B299D8}.Release|Any CPU.ActiveCfg = Release|Any CPU
		{6E32FAEE-CB88-46D7-908A-9CD091B299D8}.Release|Any CPU.Build.0 = Release|Any CPU
		{18BD99B1-BB19-42F1-8268-4376A67BC304}.Debug|Any CPU.ActiveCfg = Debug|Any CPU
		{18BD99B1-BB19-42F1-8268-4376A67BC304}.Debug|Any CPU.Build.0 = Debug|Any CPU
		{18BD99B1-BB19-42F1-8268-4376A67BC304}.Release|Any CPU.ActiveCfg = Release|Any CPU
		{18BD99B1-BB19-42F1-8268-4376A67BC304}.Release|Any CPU.Build.0 = Release|Any CPU
		{CDC6D41C-D0EF-4E7D-8439-0E64B9192114}.Debug|Any CPU.ActiveCfg = Debug|Any CPU
		{CDC6D41C-D0EF-4E7D-8439-0E64B9192114}.Debug|Any CPU.Build.0 = Debug|Any CPU
		{CDC6D41C-D0EF-4E7D-8439-0E64B9192114}.Release|Any CPU.ActiveCfg = Release|Any CPU
		{CDC6D41C-D0EF-4E7D-8439-0E64B9192114}.Release|Any CPU.Build.0 = Release|Any CPU
		{6747B715-60E2-4CA3-8D8C-AD267D144F7B}.Debug|Any CPU.ActiveCfg = Debug|Any CPU
		{6747B715-60E2-4CA3-8D8C-AD267D144F7B}.Debug|Any CPU.Build.0 = Debug|Any CPU
		{6747B715-60E2-4CA3-8D8C-AD267D144F7B}.Release|Any CPU.ActiveCfg = Release|Any CPU
		{6747B715-60E2-4CA3-8D8C-AD267D144F7B}.Release|Any CPU.Build.0 = Release|Any CPU
		{DA7C0DE0-DF11-43BA-A8DD-149AFCBBC4F9}.Debug|Any CPU.ActiveCfg = Debug|Any CPU
		{DA7C0DE0-DF11-43BA-A8DD-149AFCBBC4F9}.Debug|Any CPU.Build.0 = Debug|Any CPU
		{DA7C0DE0-DF11-43BA-A8DD-149AFCBBC4F9}.Release|Any CPU.ActiveCfg = Release|Any CPU
		{DA7C0DE0-DF11-43BA-A8DD-149AFCBBC4F9}.Release|Any CPU.Build.0 = Release|Any CPU
	EndGlobalSection
	GlobalSection(SolutionProperties) = preSolution
		HideSolutionNode = FALSE
	EndGlobalSection
	GlobalSection(ExtensibilityGlobals) = postSolution
		SolutionGuid = {100CC7FF-C189-4501-89DC-F461DD5F2E6A}
	EndGlobalSection
EndGlobal
